{
  "name": "3-musketeers",
  "lockfileVersion": 3,
  "requires": true,
  "packages": {
    "": {
      "dependencies": {
        "@amplitude/unified": "^1.1.1"
      }
    },
    "node_modules/@amplitude/analytics-browser": {
      "version": "2.42.1",
      "resolved": "https://registry.npmjs.org/@amplitude/analytics-browser/-/analytics-browser-2.42.1.tgz",
      "integrity": "sha512-lanSeX3DeOAx0aF3H0BOtanUEjibAZFwp9Gmv/Tqycr8YdlY3yTmjH2Rl1HsRVopWQ7s3fbu2S15z9MMwvuFWg==",
      "license": "MIT",
      "dependencies": {
        "@amplitude/analytics-core": "2.48.1",
        "@amplitude/plugin-autocapture-browser": "1.27.1",
        "@amplitude/plugin-custom-enrichment-browser": "0.1.8",
        "@amplitude/plugin-event-property-attribution-browser": "0.2.0",
        "@amplitude/plugin-network-capture-browser": "1.10.0",
        "@amplitude/plugin-page-url-enrichment-browser": "0.7.9",
        "@amplitude/plugin-page-view-tracking-browser": "2.11.0",
        "@amplitude/plugin-web-vitals-browser": "1.1.32",
        "tslib": "^2.4.1"
      }
    },
    "node_modules/@amplitude/analytics-client-common": {
      "version": "2.4.47",
      "resolved": "https://registry.npmjs.org/@amplitude/analytics-client-common/-/analytics-client-common-2.4.47.tgz",
      "integrity": "sha512-AFmZK3e3mytXtwyLeNqF85T8bGMcw4slYP8mRu9Fm5B9OZEnEqjhKYzNDEMOKtwBkEQbusHCWWYGfZT5sY2+tg==",
      "license": "MIT",
      "dependencies": {
        "@amplitude/analytics-connector": "^1.4.8",
        "@amplitude/analytics-core": "2.48.0",
        "@amplitude/analytics-types": "2.11.1",
        "tslib": "^2.4.1"
      }
    },
    "node_modules/@amplitude/analytics-client-common/node_modules/@amplitude/analytics-core": {
      "version": "2.48.0",
      "resolved": "https://registry.npmjs.org/@amplitude/analytics-core/-/analytics-core-2.48.0.tgz",
      "integrity": "sha512-6ckWWL60LiJJEQQ5V3Veviq0Gl5Lcvy1dFaRDKA/SwLT3cgiBrEFZXZPcri4wDGjchPmJXFCYcE55nr7rP6Wjg==",
      "license": "MIT",
      "dependencies": {
        "@amplitude/analytics-connector": "^1.6.4",
        "@types/zen-observable": "0.8.3",
        "safe-json-stringify": "1.2.0",
        "tslib": "^2.4.1",
        "zen-observable": "0.10.0"
      }
    },
    "node_modules/@amplitude/analytics-connector": {
      "version": "1.6.4",
      "resolved": "https://registry.npmjs.org/@amplitude/analytics-connector/-/analytics-connector-1.6.4.tgz",
      "integrity": "sha512-SpIv0IQMNIq6SH3UqFGiaZyGSc7PBZwRdq7lvP0pBxW8i4Ny+8zwI0pV+VMfMHQwWY3wdIbWw5WQphNjpdq1/Q==",
      "license": "MIT"
    },
    "node_modules/@amplitude/analytics-core": {
      "version": "2.48.1",
      "resolved": "https://registry.npmjs.org/@amplitude/analytics-core/-/analytics-core-2.48.1.tgz",
      "integrity": "sha512-6ltecomnZc9z1AUE59orcoLYii0gPoVBBoI4qoMGXw2lsxFh35zx32LPrXO3ezFkTE71CS44AzwaBFsSxQWRuw==",
      "license": "MIT",
      "dependencies": {
        "@amplitude/analytics-connector": "^1.6.4",
        "@types/zen-observable": "0.8.3",
        "safe-json-stringify": "1.2.0",
        "tslib": "^2.4.1",
        "zen-observable": "0.10.0"
      }
    },
    "node_modules/@amplitude/analytics-types": {
      "version": "2.11.1",
      "resolved": "https://registry.npmjs.org/@amplitude/analytics-types/-/analytics-types-2.11.1.tgz",
      "integrity": "sha512-wFEgb0t99ly2uJKm5oZ28Lti0Kh5RecR5XBkwfUpDzn84IoCIZ8GJTsMw/nThu8FZFc7xFDA4UAt76zhZKrs9A==",
      "license": "MIT"
    },
    "node_modules/@amplitude/engagement-browser": {
      "version": "1.0.9",
      "resolved": "https://registry.npmjs.org/@amplitude/engagement-browser/-/engagement-browser-1.0.9.tgz",
      "integrity": "sha512-zvPr0L5aLlOS3nG8scIkEEDMVK2y3MaMbgjYhMfYruhMpfsC/U0apov22nEc1RRrTwve2awEXruPRKf1TysqrQ==",
      "license": "MIT",
      "dependencies": {
        "@amplitude/analytics-types": "^2.0.0"
      }
    },
    "node_modules/@amplitude/experiment-core": {
      "version": "0.13.1",
      "resolved": "https://registry.npmjs.org/@amplitude/experiment-core/-/experiment-core-0.13.1.tgz",
      "integrity": "sha512-ZHvR0dxTltasp8MiMcQ6qKsY20mWnODoy3oebGad6qaRR1ywpUi8IuLf5AwLTM35ZwgzEUTn9TEIWKLHpDwHMw==",
      "license": "MIT",
      "dependencies": {
        "js-base64": "^3.7.5"
      }
    },
    "node_modules/@amplitude/experiment-js-client": {
      "version": "1.21.1",
      "resolved": "https://registry.npmjs.org/@amplitude/experiment-js-client/-/experiment-js-client-1.21.1.tgz",
      "integrity": "sha512-chE/4qQG/5Cgl93Wqj1NEdgOL5LkqySLlfk1EN0f+7bJa52HpkGFALA2FeCNYf31Z5CglEeKX6dUMgL7y33SIw==",
      "license": "MIT",
      "dependencies": {
        "@amplitude/analytics-connector": "^1.6.4",
        "@amplitude/experiment-core": "^0.13.1",
        "@amplitude/ua-parser-js": "^0.7.31",
        "base64-js": "1.5.1",
        "unfetch": "4.1.0"
      }
    },
    "node_modules/@amplitude/plugin-autocapture-browser": {
      "version": "1.27.1",
      "resolved": "https://registry.npmjs.org/@amplitude/plugin-autocapture-browser/-/plugin-autocapture-browser-1.27.1.tgz",
      "integrity": "sha512-vJxwfExfREBIMbVydAimO/diYsRfNBD/nqo+DABURBsdmb+gliUPd7J6g22ys7al59+ixRwJSQMUrk0bnqn76Q==",
      "license": "MIT",
      "dependencies": {
        "@amplitude/analytics-core": "2.48.1",
        "tslib": "^2.4.1"
      }
    },
    "node_modules/@amplitude/plugin-custom-enrichment-browser": {
      "version": "0.1.8",
      "resolved": "https://registry.npmjs.org/@amplitude/plugin-custom-enrichment-browser/-/plugin-custom-enrichment-browser-0.1.8.tgz",
      "integrity": "sha512-PVg56GfQID/UKLZx7imbg6Tmlj2AX/euyG7nnouKpowgGJ7jz/t4o2u3csSgrKbLSrTjxdbXVdPyz/+CecJ4Zg==",
      "license": "MIT",
      "dependencies": {
        "@amplitude/analytics-core": "2.48.0",
        "tslib": "^2.4.1"
      }
    },
    "node_modules/@amplitude/plugin-custom-enrichment-browser/node_modules/@amplitude/analytics-core": {
      "version": "2.48.0",
      "resolved": "https://registry.npmjs.org/@amplitude/analytics-core/-/analytics-core-2.48.0.tgz",
      "integrity": "sha512-6ckWWL60LiJJEQQ5V3Veviq0Gl5Lcvy1dFaRDKA/SwLT3cgiBrEFZXZPcri4wDGjchPmJXFCYcE55nr7rP6Wjg==",
      "license": "MIT",
      "dependencies": {
        "@amplitude/analytics-connector": "^1.6.4",
        "@types/zen-observable": "0.8.3",
        "safe-json-stringify": "1.2.0",
        "tslib": "^2.4.1",
        "zen-observable": "0.10.0"
      }
    },
    "node_modules/@amplitude/plugin-event-property-attribution-browser": {
      "version": "0.2.0",
      "resolved": "https://registry.npmjs.org/@amplitude/plugin-event-property-attribution-browser/-/plugin-event-property-attribution-browser-0.2.0.tgz",
      "integrity": "sha512-7GmAvpOf7CbdIL++9PrdNB8GeyUvL5/yRrv1hnVC7rv19MKumbYK9Oq1utOUr6nddPfQU3w3sz9YK5A8cUVrlQ==",
      "license": "MIT",
      "dependencies": {
        "@amplitude/analytics-core": "2.48.0",
        "tslib": "^2.4.1"
      }
    },
    "node_modules/@amplitude/plugin-event-property-attribution-browser/node_modules/@amplitude/analytics-core": {
      "version": "2.48.0",
      "resolved": "https://registry.npmjs.org/@amplitude/analytics-core/-/analytics-core-2.48.0.tgz",
      "integrity": "sha512-6ckWWL60LiJJEQQ5V3Veviq0Gl5Lcvy1dFaRDKA/SwLT3cgiBrEFZXZPcri4wDGjchPmJXFCYcE55nr7rP6Wjg==",
      "license": "MIT",
      "dependencies": {
        "@amplitude/analytics-connector": "^1.6.4",
        "@types/zen-observable": "0.8.3",
        "safe-json-stringify": "1.2.0",
        "tslib": "^2.4.1",
        "zen-observable": "0.10.0"
      }
    },
    "node_modules/@amplitude/plugin-experiment-browser": {
      "version": "1.0.0-beta.27",
      "resolved": "https://registry.npmjs.org/@amplitude/plugin-experiment-browser/-/plugin-experiment-browser-1.0.0-beta.27.tgz",
      "integrity": "sha512-qGdcgX+v99vwnY9ao7aKKUT05bj99VE50vk7iDwlec7snpRnuYaZwii1K+6MLwU2V5MtQTbv2Q02Yzu4I2pgQg==",
      "license": "MIT",
      "dependencies": {
        "@amplitude/analytics-core": "2.48.0",
        "@amplitude/experiment-js-client": "^1.15.5"
      }
    },
    "node_modules/@amplitude/plugin-experiment-browser/node_modules/@amplitude/analytics-core": {
      "version": "2.48.0",
      "resolved": "https://registry.npmjs.org/@amplitude/analytics-core/-/analytics-core-2.48.0.tgz",
      "integrity": "sha512-6ckWWL60LiJJEQQ5V3Veviq0Gl5Lcvy1dFaRDKA/SwLT3cgiBrEFZXZPcri4wDGjchPmJXFCYcE55nr7rP6Wjg==",
      "license": "MIT",
      "dependencies": {
        "@amplitude/analytics-connector": "^1.6.4",
        "@types/zen-observable": "0.8.3",
        "safe-json-stringify": "1.2.0",
        "tslib": "^2.4.1",
        "zen-observable": "0.10.0"
      }
    },
    "node_modules/@amplitude/plugin-network-capture-browser": {
      "version": "1.10.0",
      "resolved": "https://registry.npmjs.org/@amplitude/plugin-network-capture-browser/-/plugin-network-capture-browser-1.10.0.tgz",
      "integrity": "sha512-wDTxpeDCst+pKyfRnVH1RYV93ctQtfuAQuCaUHqSO/TYcHnidGFWLl/UVbMvJ6EkrPoDXOCCTk5gTSPVMKSp0w==",
      "license": "MIT",
      "dependencies": {
        "@amplitude/analytics-core": "2.48.0",
        "tslib": "^2.4.1"
      }
    },
    "node_modules/@amplitude/plugin-network-capture-browser/node_modules/@amplitude/analytics-core": {
      "version": "2.48.0",
      "resolved": "https://registry.npmjs.org/@amplitude/analytics-core/-/analytics-core-2.48.0.tgz",
      "integrity": "sha512-6ckWWL60LiJJEQQ5V3Veviq0Gl5Lcvy1dFaRDKA/SwLT3cgiBrEFZXZPcri4wDGjchPmJXFCYcE55nr7rP6Wjg==",
      "license": "MIT",
      "dependencies": {
        "@amplitude/analytics-connector": "^1.6.4",
        "@types/zen-observable": "0.8.3",
        "safe-json-stringify": "1.2.0",
        "tslib": "^2.4.1",
        "zen-observable": "0.10.0"
      }
    },
    "node_modules/@amplitude/plugin-page-url-enrichment-browser": {
      "version": "0.7.9",
      "resolved": "https://registry.npmjs.org/@amplitude/plugin-page-url-enrichment-browser/-/plugin-page-url-enrichment-browser-0.7.9.tgz",
      "integrity": "sha512-3hMP05h8+wbEwrJQm/1Di4XkGskGEeSTI7lnMYwAwsSXIQkmP0bM8G8MAWYwoA1cGAh5Z3cUxp2xGJ/7IacvlA==",
      "license": "MIT",
      "dependencies": {
        "@amplitude/analytics-core": "2.48.0",
        "tslib": "^2.4.1"
      }
    },
    "node_modules/@amplitude/plugin-page-url-enrichment-browser/node_modules/@amplitude/analytics-core": {
      "version": "2.48.0",
      "resolved": "https://registry.npmjs.org/@amplitude/analytics-core/-/analytics-core-2.48.0.tgz",
      "integrity": "sha512-6ckWWL60LiJJEQQ5V3Veviq0Gl5Lcvy1dFaRDKA/SwLT3cgiBrEFZXZPcri4wDGjchPmJXFCYcE55nr7rP6Wjg==",
      "license": "MIT",
      "dependencies": {
        "@amplitude/analytics-connector": "^1.6.4",
        "@types/zen-observable": "0.8.3",
        "safe-json-stringify": "1.2.0",
        "tslib": "^2.4.1",
        "zen-observable": "0.10.0"
      }
    },
    "node_modules/@amplitude/plugin-page-view-tracking-browser": {
      "version": "2.11.0",
      "resolved": "https://registry.npmjs.org/@amplitude/plugin-page-view-tracking-browser/-/plugin-page-view-tracking-browser-2.11.0.tgz",
      "integrity": "sha512-ZI/1kTQID0yXileGjvseMoFZ9zUbLG5r+MsznmT0Br+x91LdCrPHXdpU7lq53UAwIhgREXk9S/o/AwUZfFSgzg==",
      "license": "MIT",
      "dependencies": {
        "@amplitude/analytics-core": "2.48.0",
        "tslib": "^2.4.1"
      }
    },
    "node_modules/@amplitude/plugin-page-view-tracking-browser/node_modules/@amplitude/analytics-core": {
      "version": "2.48.0",
      "resolved": "https://registry.npmjs.org/@amplitude/analytics-core/-/analytics-core-2.48.0.tgz",
      "integrity": "sha512-6ckWWL60LiJJEQQ5V3Veviq0Gl5Lcvy1dFaRDKA/SwLT3cgiBrEFZXZPcri4wDGjchPmJXFCYcE55nr7rP6Wjg==",
      "license": "MIT",
      "dependencies": {
        "@amplitude/analytics-connector": "^1.6.4",
        "@types/zen-observable": "0.8.3",
        "safe-json-stringify": "1.2.0",
        "tslib": "^2.4.1",
        "zen-observable": "0.10.0"
      }
    },
    "node_modules/@amplitude/plugin-session-replay-browser": {
      "version": "1.30.0",
      "resolved": "https://registry.npmjs.org/@amplitude/plugin-session-replay-browser/-/plugin-session-replay-browser-1.30.0.tgz",
      "integrity": "sha512-VlPovFRPxj2Fdgy5ewVPx50Bh/AnjQYMKBOPozlK6j501BCkTdXJH/la/AyT2t51BRXa2P4K4+EJrOfArO/9gg==",
      "license": "MIT",
      "dependencies": {
        "@amplitude/analytics-client-common": "2.4.47",
        "@amplitude/analytics-core": "2.48.1",
        "@amplitude/analytics-types": "2.11.1",
        "@amplitude/rrweb-plugin-console-record": "2.0.0-alpha.40",
        "@amplitude/rrweb-record": "2.0.0-alpha.40",
        "@amplitude/session-replay-browser": "1.42.0",
        "idb-keyval": "^6.2.1",
        "tslib": "^2.4.1"
      }
    },
    "node_modules/@amplitude/plugin-web-vitals-browser": {
      "version": "1.1.32",
      "resolved": "https://registry.npmjs.org/@amplitude/plugin-web-vitals-browser/-/plugin-web-vitals-browser-1.1.32.tgz",
      "integrity": "sha512-cf/MR5WTJ5iwCjxdy9f7vK8zy2nD1iXPwu8eKHiRxWR7Eoqx7bT30n9dar8kWDV8kraV0sglA5pVrP3b33m/pw==",
      "license": "MIT",
      "dependencies": {
        "@amplitude/analytics-core": "2.48.0",
        "tslib": "^2.4.1",
        "web-vitals": "5.1.0"
      }
    },
    "node_modules/@amplitude/plugin-web-vitals-browser/node_modules/@amplitude/analytics-core": {
      "version": "2.48.0",
      "resolved": "https://registry.npmjs.org/@amplitude/analytics-core/-/analytics-core-2.48.0.tgz",
      "integrity": "sha512-6ckWWL60LiJJEQQ5V3Veviq0Gl5Lcvy1dFaRDKA/SwLT3cgiBrEFZXZPcri4wDGjchPmJXFCYcE55nr7rP6Wjg==",
      "license": "MIT",
      "dependencies": {
        "@amplitude/analytics-connector": "^1.6.4",
        "@types/zen-observable": "0.8.3",
        "safe-json-stringify": "1.2.0",
        "tslib": "^2.4.1",
        "zen-observable": "0.10.0"
      }
    },
    "node_modules/@amplitude/rrdom": {
      "version": "2.0.0-alpha.40",
      "resolved": "https://registry.npmjs.org/@amplitude/rrdom/-/rrdom-2.0.0-alpha.40.tgz",
      "integrity": "sha512-gmOHzCcQEHgzmlqjTiYvTrbAvlk431lmXTpSGKxrCucMg4upQHs75f+YSTFWy6w3m6LwtkUmBJuCqMF5e16Y7w==",
      "license": "MIT",
      "dependencies": {
        "@amplitude/rrweb-snapshot": "^2.0.0-alpha.40"
      }
    },
    "node_modules/@amplitude/rrweb": {
      "version": "2.0.0-alpha.40",
      "resolved": "https://registry.npmjs.org/@amplitude/rrweb/-/rrweb-2.0.0-alpha.40.tgz",
      "integrity": "sha512-pFXwvQmLXTWSattr3y2ufQdZY7Is3abP0xIsHe7D7YI8D4hZ8Erf/2Z1HmuH33lHqV5e/ZItFF5gJftSiiV3TA==",
      "license": "MIT",
      "dependencies": {
        "@amplitude/rrdom": "^2.0.0-alpha.40",
        "@amplitude/rrweb-snapshot": "^2.0.0-alpha.40",
        "@amplitude/rrweb-types": "^2.0.0-alpha.40",
        "@amplitude/rrweb-utils": "^2.0.0-alpha.40",
        "@types/css-font-loading-module": "0.0.7",
        "@xstate/fsm": "^1.4.0",
        "base64-arraybuffer": "^1.0.1",
        "mitt": "^3.0.0"
      }
    },
    "node_modules/@amplitude/rrweb-packer": {
      "version": "2.0.0-alpha.40",
      "resolved": "https://registry.npmjs.org/@amplitude/rrweb-packer/-/rrweb-packer-2.0.0-alpha.40.tgz",
      "integrity": "sha512-Btb6b9pS1IvDMbvyYxpUdTk9NRJugSoJjRCl7R6jP/iSlPWXoveJIwHaNFAS9ZmWUEK7HhyBJ8bKGFN3giUsDg==",
      "license": "MIT",
      "dependencies": {
        "@amplitude/rrweb-types": "^2.0.0-alpha.40",
        "fflate": "^0.4.4"
      }
    },
    "node_modules/@amplitude/rrweb-plugin-console-record": {
      "version": "2.0.0-alpha.40",
      "resolved": "https://registry.npmjs.org/@amplitude/rrweb-plugin-console-record/-/rrweb-plugin-console-record-2.0.0-alpha.40.tgz",
      "integrity": "sha512-vtY7T/kGFl62nC1u7ZUXQvU7ulB70cZGVHPRN/SO9fzVfsY7y6rCmBfoc2jS5KmISdlgkVzMjY2r/EE2Gk9AQA==",
      "license": "MIT",
      "peerDependencies": {
        "@amplitude/rrweb": "^2.0.0-alpha.40"
      }
    },
    "node_modules/@amplitude/rrweb-record": {
      "version": "2.0.0-alpha.40",
      "resolved": "https://registry.npmjs.org/@amplitude/rrweb-record/-/rrweb-record-2.0.0-alpha.40.tgz",
      "integrity": "sha512-5cJhQwzhymJWX5/XOtpWK0h2NLq9+t2YiO6ub0cdZ9F5AZizaRbsVH88int07DfX0YiXTKWbISezVuduCLqgSQ==",
      "license": "MIT",
      "dependencies": {
        "@amplitude/rrweb": "^2.0.0-alpha.40",
        "@amplitude/rrweb-types": "^2.0.0-alpha.40"
      }
    },
    "node_modules/@amplitude/rrweb-snapshot": {
      "version": "2.0.0-alpha.40",
      "resolved": "https://registry.npmjs.org/@amplitude/rrweb-snapshot/-/rrweb-snapshot-2.0.0-alpha.40.tgz",
      "integrity": "sha512-S26czz9TSsmgMc0V9lJcgD+1lLi1G/77kh7pdMs3HHJ85GLn00yucoMOzVHC4O83frk7rE9cSNNdF+x21H0ZjA==",
      "license": "MIT",
      "dependencies": {
        "postcss": "^8.4.38"
      }
    },
    "node_modules/@amplitude/rrweb-types": {
      "version": "2.0.0-alpha.40",
      "resolved": "https://registry.npmjs.org/@amplitude/rrweb-types/-/rrweb-types-2.0.0-alpha.40.tgz",
      "integrity": "sha512-rP7CBDkzXupxOA7ukvC+zDYLuCtsz54TuJKC4+5O72Jsz4YdokLznKZRG34P6zXozfhGU0261qckk87lLY6mKQ==",
      "license": "MIT"
    },
    "node_modules/@amplitude/rrweb-utils": {
      "version": "2.0.0-alpha.40",
      "resolved": "https://registry.npmjs.org/@amplitude/rrweb-utils/-/rrweb-utils-2.0.0-alpha.40.tgz",
      "integrity": "sha512-i1CCt6MCjlqoeNc+1Hse5bz+ZbASaWaIJ0WdJZvnQjUCHH29Xy/QFouyOuor73RZ+UWX4s2tYSrUIdmBepXk3w==",
      "license": "MIT"
    },
    "node_modules/@amplitude/session-replay-browser": {
      "version": "1.42.0",
      "resolved": "https://registry.npmjs.org/@amplitude/session-replay-browser/-/session-replay-browser-1.42.0.tgz",
      "integrity": "sha512-36wNuOGVoGmp6GLJHFzXiX/wQMAlzjXl8ltvizA3Ub1YzGm2GBrLn7DaxIsRfZ/aU70/+BXvDyTElsAyXl8HEw==",
      "license": "MIT",
      "dependencies": {
        "@amplitude/analytics-client-common": "2.4.47",
        "@amplitude/analytics-core": "2.48.1",
        "@amplitude/analytics-types": "2.11.1",
        "@amplitude/experiment-core": "0.7.2",
        "@amplitude/rrweb-packer": "2.0.0-alpha.40",
        "@amplitude/rrweb-plugin-console-record": "2.0.0-alpha.40",
        "@amplitude/rrweb-record": "2.0.0-alpha.40",
        "@amplitude/rrweb-types": "2.0.0-alpha.40",
        "@amplitude/rrweb-utils": "2.0.0-alpha.40",
        "@amplitude/targeting": "0.2.0",
        "@rollup/plugin-replace": "^6.0.1",
        "idb": "8.0.0",
        "tslib": "^2.4.1"
      }
    },
    "node_modules/@amplitude/session-replay-browser/node_modules/@amplitude/experiment-core": {
      "version": "0.7.2",
      "resolved": "https://registry.npmjs.org/@amplitude/experiment-core/-/experiment-core-0.7.2.tgz",
      "integrity": "sha512-Wc2NWvgQ+bLJLeF0A9wBSPIaw0XuqqgkPKsoNFQrmS7r5Djd56um75In05tqmVntPJZRvGKU46pAp8o5tdf4mA==",
      "license": "MIT",
      "dependencies": {
        "js-base64": "^3.7.5"
      }
    },
    "node_modules/@amplitude/targeting": {
      "version": "0.2.0",
      "resolved": "https://registry.npmjs.org/@amplitude/targeting/-/targeting-0.2.0.tgz",
      "integrity": "sha512-/50ywTrC4hfcfJVBbh5DFbqMPPfaIOivZeb5Gb+OGM03QrA+lsUqdvtnKLNuWtceD4H6QQ2KFzPJ5aAJLyzVDA==",
      "license": "MIT",
      "dependencies": {
        "@amplitude/analytics-client-common": ">=1 <3",
        "@amplitude/analytics-core": ">=1 <3",
        "@amplitude/analytics-types": ">=1 <3",
        "@amplitude/experiment-core": "0.7.2",
        "idb": "^8.0.0",
        "tslib": "^2.4.1"
      }
    },
    "node_modules/@amplitude/targeting/node_modules/@amplitude/experiment-core": {
      "version": "0.7.2",
      "resolved": "https://registry.npmjs.org/@amplitude/experiment-core/-/experiment-core-0.7.2.tgz",
      "integrity": "sha512-Wc2NWvgQ+bLJLeF0A9wBSPIaw0XuqqgkPKsoNFQrmS7r5Djd56um75In05tqmVntPJZRvGKU46pAp8o5tdf4mA==",
      "license": "MIT",
      "dependencies": {
        "js-base64": "^3.7.5"
      }
    },
    "node_modules/@amplitude/ua-parser-js": {
      "version": "0.7.33",
      "resolved": "https://registry.npmjs.org/@amplitude/ua-parser-js/-/ua-parser-js-0.7.33.tgz",
      "integrity": "sha512-wKEtVR4vXuPT9cVEIJkYWnlF++Gx3BdLatPBM+SZ1ztVIvnhdGBZR/mn9x/PzyrMcRlZmyi6L56I2J3doVBnjA==",
      "funding": [
        {
          "type": "opencollective",
          "url": "https://opencollective.com/ua-parser-js"
        },
        {
          "type": "paypal",
          "url": "https://paypal.me/faisalman"
        }
      ],
      "license": "MIT",
      "engines": {
        "node": "*"
      }
    },
    "node_modules/@amplitude/unified": {
      "version": "1.1.1",
      "resolved": "https://registry.npmjs.org/@amplitude/unified/-/unified-1.1.1.tgz",
      "integrity": "sha512-++uXxCJi6pCuLxE2gPm+yCxfjp02xWy7OM3nZFMtXJN6H8/UewRNyltEahGLTdHdBXndz17X7pZWGvPfQQIGtw==",
      "license": "MIT",
      "dependencies": {
        "@amplitude/analytics-browser": "2.42.1",
        "@amplitude/analytics-core": "2.48.1",
        "@amplitude/engagement-browser": "^1.0.3",
        "@amplitude/plugin-experiment-browser": "1.0.0-beta.27",
        "@amplitude/plugin-session-replay-browser": "1.30.0"
      }
    },
    "node_modules/@jridgewell/sourcemap-codec": {
      "version": "1.5.5",
      "resolved": "https://registry.npmjs.org/@jridgewell/sourcemap-codec/-/sourcemap-codec-1.5.5.tgz",
      "integrity": "sha512-cYQ9310grqxueWbl+WuIUIaiUaDcj7WOq5fVhEljNVgRfOUhY9fy2zTvfoqWsnebh8Sl70VScFbICvJnLKB0Og==",
      "license": "MIT"
    },
    "node_modules/@rollup/plugin-replace": {
      "version": "6.0.3",
      "resolved": "https://registry.npmjs.org/@rollup/plugin-replace/-/plugin-replace-6.0.3.tgz",
      "integrity": "sha512-J4RZarRvQAm5IF0/LwUUg+obsm+xZhYnbMXmXROyoSE1ATJe3oXSb9L5MMppdxP2ylNSjv6zFBwKYjcKMucVfA==",
      "license": "MIT",
      "dependencies": {
        "@rollup/pluginutils": "^5.0.1",
        "magic-string": "^0.30.3"
      },
      "engines": {
        "node": ">=14.0.0"
      },
      "peerDependencies": {
        "rollup": "^1.20.0||^2.0.0||^3.0.0||^4.0.0"
      },
      "peerDependenciesMeta": {
        "rollup": {
          "optional": true
        }
      }
    },
    "node_modules/@rollup/pluginutils": {
      "version": "5.3.0",
      "resolved": "https://registry.npmjs.org/@rollup/pluginutils/-/pluginutils-5.3.0.tgz",
      "integrity": "sha512-5EdhGZtnu3V88ces7s53hhfK5KSASnJZv8Lulpc04cWO3REESroJXg73DFsOmgbU2BhwV0E20bu2IDZb3VKW4Q==",
      "license": "MIT",
      "dependencies": {
        "@types/estree": "^1.0.0",
        "estree-walker": "^2.0.2",
        "picomatch": "^4.0.2"
      },
      "engines": {
        "node": ">=14.0.0"
      },
      "peerDependencies": {
        "rollup": "^1.20.0||^2.0.0||^3.0.0||^4.0.0"
      },
      "peerDependenciesMeta": {
        "rollup": {
          "optional": true
        }
      }
    },
    "node_modules/@types/css-font-loading-module": {
      "version": "0.0.7",
      "resolved": "https://registry.npmjs.org/@types/css-font-loading-module/-/css-font-loading-module-0.0.7.tgz",
      "integrity": "sha512-nl09VhutdjINdWyXxHWN/w9zlNCfr60JUqJbd24YXUuCwgeL0TpFSdElCwb6cxfB6ybE19Gjj4g0jsgkXxKv1Q==",
      "license": "MIT"
    },
    "node_modules/@types/estree": {
      "version": "1.0.9",
      "resolved": "https://registry.npmjs.org/@types/estree/-/estree-1.0.9.tgz",
      "integrity": "sha512-GhdPgy1el4/ImP05X05Uw4cw2/M93BCUmnEvWZNStlCzEKME4Fkk+YpoA5OiHNQmoS7Cafb8Xa3Pya8m1Qrzeg==",
      "license": "MIT"
    },
    "node_modules/@types/zen-observable": {
      "version": "0.8.3",
      "resolved": "https://registry.npmjs.org/@types/zen-observable/-/zen-observable-0.8.3.tgz",
      "integrity": "sha512-fbF6oTd4sGGy0xjHPKAt+eS2CrxJ3+6gQ3FGcBoIJR2TLAyCkCyI8JqZNy+FeON0AhVgNJoUumVoZQjBFUqHkw==",
      "license": "MIT"
    },
    "node_modules/@xstate/fsm": {
      "version": "1.6.5",
      "resolved": "https://registry.npmjs.org/@xstate/fsm/-/fsm-1.6.5.tgz",
      "integrity": "sha512-b5o1I6aLNeYlU/3CPlj/Z91ybk1gUsKT+5NAJI+2W4UjvS5KLG28K9v5UvNoFVjHV8PajVZ00RH3vnjyQO7ZAw==",
      "license": "MIT"
    },
    "node_modules/base64-arraybuffer": {
      "version": "1.0.2",
      "resolved": "https://registry.npmjs.org/base64-arraybuffer/-/base64-arraybuffer-1.0.2.tgz",
      "integrity": "sha512-I3yl4r9QB5ZRY3XuJVEPfc2XhZO6YweFPI+UovAzn+8/hb3oJ6lnysaFcjVpkCPfVWFUDvoZ8kmVDP7WyRtYtQ==",
      "license": "MIT",
      "engines": {
        "node": ">= 0.6.0"
      }
    },
    "node_modules/base64-js": {
      "version": "1.5.1",
      "resolved": "https://registry.npmjs.org/base64-js/-/base64-js-1.5.1.tgz",
      "integrity": "sha512-AKpaYlHn8t4SVbOHCy+b5+KKgvR4vrsD8vbvrbiQJps7fKDTkjkDry6ji0rUJjC0kzbNePLwzxq8iypo41qeWA==",
      "funding": [
        {
          "type": "github",
          "url": "https://github.com/sponsors/feross"
        },
        {
          "type": "patreon",
          "url": "https://www.patreon.com/feross"
        },
        {
          "type": "consulting",
          "url": "https://feross.org/support"
        }
      ],
      "license": "MIT"
    },
    "node_modules/estree-walker": {
      "version": "2.0.2",
      "resolved": "https://registry.npmjs.org/estree-walker/-/estree-walker-2.0.2.tgz",
      "integrity": "sha512-Rfkk/Mp/DL7JVje3u18FxFujQlTNR2q6QfMSMB7AvCBx91NGj/ba3kCfza0f6dVDbw7YlRf/nDrn7pQrCCyQ/w==",
      "license": "MIT"
    },
    "node_modules/fflate": {
      "version": "0.4.8",
      "resolved": "https://registry.npmjs.org/fflate/-/fflate-0.4.8.tgz",
      "integrity": "sha512-FJqqoDBR00Mdj9ppamLa/Y7vxm+PRmNWA67N846RvsoYVMKB4q3y/de5PA7gUmRMYK/8CMz2GDZQmCRN1wBcWA==",
      "license": "MIT"
    },
    "node_modules/idb": {
      "version": "8.0.0",
      "resolved": "https://registry.npmjs.org/idb/-/idb-8.0.0.tgz",
      "integrity": "sha512-l//qvlAKGmQO31Qn7xdzagVPPaHTxXx199MhrAFuVBTPqydcPYBWjkrbv4Y0ktB+GmWOiwHl237UUOrLmQxLvw==",
      "license": "ISC"
    },
    "node_modules/idb-keyval": {
      "version": "6.2.2",
      "resolved": "https://registry.npmjs.org/idb-keyval/-/idb-keyval-6.2.2.tgz",
      "integrity": "sha512-yjD9nARJ/jb1g+CvD0tlhUHOrJ9Sy0P8T9MF3YaLlHnSRpwPfpTX0XIvpmw3gAJUmEu3FiICLBDPXVwyEvrleg==",
      "license": "Apache-2.0"
    },
    "node_modules/js-base64": {
      "version": "3.7.8",
      "resolved": "https://registry.npmjs.org/js-base64/-/js-base64-3.7.8.tgz",
      "integrity": "sha512-hNngCeKxIUQiEUN3GPJOkz4wF/YvdUdbNL9hsBcMQTkKzboD7T/q3OYOuuPZLUE6dBxSGpwhk5mwuDud7JVAow==",
      "license": "BSD-3-Clause"
    },
    "node_modules/magic-string": {
      "version": "0.30.21",
      "resolved": "https://registry.npmjs.org/magic-string/-/magic-string-0.30.21.tgz",
      "integrity": "sha512-vd2F4YUyEXKGcLHoq+TEyCjxueSeHnFxyyjNp80yg0XV4vUhnDer/lvvlqM/arB5bXQN5K2/3oinyCRyx8T2CQ==",
      "license": "MIT",
      "dependencies": {
        "@jridgewell/sourcemap-codec": "^1.5.5"
      }
    },
    "node_modules/mitt": {
      "version": "3.0.1",
      "resolved": "https://registry.npmjs.org/mitt/-/mitt-3.0.1.tgz",
      "integrity": "sha512-vKivATfr97l2/QBCYAkXYDbrIWPM2IIKEl7YPhjCvKlG3kE2gm+uBo6nEXK3M5/Ffh/FLpKExzOQ3JJoJGFKBw==",
      "license": "MIT"
    },
    "node_modules/nanoid": {
      "version": "3.3.12",
      "resolved": "https://registry.npmjs.org/nanoid/-/nanoid-3.3.12.tgz",
      "integrity": "sha512-ZB9RH/39qpq5Vu6Y+NmUaFhQR6pp+M2Xt76XBnEwDaGcVAqhlvxrl3B2bKS5D3NH3QR76v3aSrKaF/Kiy7lEtQ==",
      "funding": [
        {
          "type": "github",
          "url": "https://github.com/sponsors/ai"
        }
      ],
      "license": "MIT",
      "bin": {
        "nanoid": "bin/nanoid.cjs"
      },
      "engines": {
        "node": "^10 || ^12 || ^13.7 || ^14 || >=15.0.1"
      }
    },
    "node_modules/picocolors": {
      "version": "1.1.1",
      "resolved": "https://registry.npmjs.org/picocolors/-/picocolors-1.1.1.tgz",
      "integrity": "sha512-xceH2snhtb5M9liqDsmEw56le376mTZkEX/jEb/RxNFyegNul7eNslCXP9FDj/Lcu0X8KEyMceP2ntpaHrDEVA==",
      "license": "ISC"
    },
    "node_modules/picomatch": {
      "version": "4.0.4",
      "resolved": "https://registry.npmjs.org/picomatch/-/picomatch-4.0.4.tgz",
      "integrity": "sha512-QP88BAKvMam/3NxH6vj2o21R6MjxZUAd6nlwAS/pnGvN9IVLocLHxGYIzFhg6fUQ+5th6P4dv4eW9jX3DSIj7A==",
      "license": "MIT",
      "engines": {
        "node": ">=12"
      },
      "funding": {
        "url": "https://github.com/sponsors/jonschlinkert"
      }
    },
    "node_modules/postcss": {
      "version": "8.5.14",
      "resolved": "https://registry.npmjs.org/postcss/-/postcss-8.5.14.tgz",
      "integrity": "sha512-SoSL4+OSEtR99LHFZQiJLkT59C5B1amGO1NzTwj7TT1qCUgUO6hxOvzkOYxD+vMrXBM3XJIKzokoERdqQq/Zmg==",
      "funding": [
        {
          "type": "opencollective",
          "url": "https://opencollective.com/postcss/"
        },
        {
          "type": "tidelift",
          "url": "https://tidelift.com/funding/github/npm/postcss"
        },
        {
          "type": "github",
          "url": "https://github.com/sponsors/ai"
        }
      ],
      "license": "MIT",
      "dependencies": {
        "nanoid": "^3.3.11",
        "picocolors": "^1.1.1",
        "source-map-js": "^1.2.1"
      },
      "engines": {
        "node": "^10 || ^12 || >=14"
      }
    },
    "node_modules/safe-json-stringify": {
      "version": "1.2.0",
      "resolved": "https://registry.npmjs.org/safe-json-stringify/-/safe-json-stringify-1.2.0.tgz",
      "integrity": "sha512-gH8eh2nZudPQO6TytOvbxnuhYBOvDBBLW52tz5q6X58lJcd/tkmqFR+5Z9adS8aJtURSXWThWy/xJtJwixErvg==",
      "license": "MIT"
    },
    "node_modules/source-map-js": {
      "version": "1.2.1",
      "resolved": "https://registry.npmjs.org/source-map-js/-/source-map-js-1.2.1.tgz",
      "integrity": "sha512-UXWMKhLOwVKb728IUtQPXxfYU+usdybtUrK/8uGE8CQMvrhOpwvzDBwj0QhSL7MQc7vIsISBG8VQ8+IDQxpfQA==",
      "license": "BSD-3-Clause",
      "engines": {
        "node": ">=0.10.0"
      }
    },
    "node_modules/tslib": {
      "version": "2.8.1",
      "resolved": "https://registry.npmjs.org/tslib/-/tslib-2.8.1.tgz",
      "integrity": "sha512-oJFu94HQb+KVduSUQL7wnpmqnfmLsOA/nAh6b6EH0wCEoK0/mPeXU6c3wKDV83MkOuHPRHtSXKKU99IBazS/2w==",
      "license": "0BSD"
    },
    "node_modules/unfetch": {
      "version": "4.1.0",
      "resolved": "https://registry.npmjs.org/unfetch/-/unfetch-4.1.0.tgz",
      "integrity": "sha512-crP/n3eAPUJxZXM9T80/yv0YhkTEx2K1D3h7D1AJM6fzsWZrxdyRuLN0JH/dkZh1LNH8LxCnBzoPFCPbb2iGpg==",
      "license": "MIT"
    },
    "node_modules/web-vitals": {
      "version": "5.1.0",
      "resolved": "https://registry.npmjs.org/web-vitals/-/web-vitals-5.1.0.tgz",
      "integrity": "sha512-ArI3kx5jI0atlTtmV0fWU3fjpLmq/nD3Zr1iFFlJLaqa5wLBkUSzINwBPySCX/8jRyjlmy1Volw1kz1g9XE4Jg==",
      "license": "Apache-2.0"
    },
    "node_modules/zen-observable": {
      "version": "0.10.0",
      "resolved": "https://registry.npmjs.org/zen-observable/-/zen-observable-0.10.0.tgz",
      "integrity": "sha512-iI3lT0iojZhKwT5DaFy2Ce42n3yFcLdFyOh01G7H0flMY60P8MJuVFEoJoNwXlmAyQ45GrjL6AcZmmlv8A5rbw==",
      "license": "MIT"
    }
  }
}
